
Microsoft Visual Studio Solution File, Format Version 12.00
# Visual Studio 15
VisualStudioVersion = 15.0.28010.2041
MinimumVisualStudioVersion = 10.0.40219.1
Project("{8BC9CEB8-8B4A-11D0-8D11-00A0C91BC942}") = "vulkan_test", "vulkan_test\vulkan_test.vcxproj", "{6468BB97-C47B-404C-8043-234B03824DD8}"
EndProject
Project("{8BC9CEB8-8B4A-11D0-8D11-00A0C91BC942}") = "multi_pipeline", "multi_pipeline\multi_pipeline.vcxproj", "{81B2B8D4-811F-4367-A1C6-D5EB9D27014E}"
EndProject
Project("{8BC9CEB8-8B4A-11D0-8D11-00A0C91BC942}") = "different_textures", "different_textures\different_textures.vcxproj", "{BAE7D6D8-DC2A-4FE6-96B7-E7D006BAC885}"
EndProject
Project("{8BC9CEB8-8B4A-11D0-8D11-00A0C91BC942}") = "simple", "simple\simple.vcxproj", "{7ED561AA-DEC8-4208-BF66-DB0BAE87AC0D}"
EndProject
Project("{8BC9CEB8-8B4A-11D0-8D11-00A0C91BC942}") = "push_constants", "push_constants\push_constants.vcxproj", "{695AA402-F03C-4BDC-906A-2FBA067727C3}"
EndProject
Project("{8BC9CEB8-8B4A-11D0-8D11-00A0C91BC942}") = "specialization_constants", "specialization_constants\specialization_constants.vcxproj", "{27EFA2E0-FA62-4251-9C34-86D5F1752F7A}"
EndProject
Project("{8BC9CEB8-8B4A-11D0-8D11-00A0C91BC942}") = "simple_mm", "simple_with_memory_manager\simple_mm.vcxproj", "{AA1F985C-6067-421E-92AB-050AEED1D3AC}"
EndProject
Project("{8BC9CEB8-8B4A-11D0-8D11-00A0C91BC942}") = "compute_shader", "compute_shader\compute_shader.vcxproj", "{93083096-4481-46D6-8E49-5B82AB267E2F}"
EndProject
Global
	GlobalSection(SolutionConfigurationPlatforms) = preSolution
		Debug|x64 = Debug|x64
		Debug|x86 = Debug|x86
		Release|x64 = Release|x64
		Release|x86 = Release|x86
	EndGlobalSection
	GlobalSection(ProjectConfigurationPlatforms) = postSolution
		{6468BB97-C47B-404C-8043-234B03824DD8}.Debug|x64.ActiveCfg = Debug|x64
		{6468BB97-C47B-404C-8043-234B03824DD8}.Debug|x64.Build.0 = Debug|x64
		{6468BB97-C47B-404C-8043-234B03824DD8}.Debug|x86.ActiveCfg = Debug|Win32
		{6468BB97-C47B-404C-8043-234B03824DD8}.Debug|x86.Build.0 = Debug|Win32
		{6468BB97-C47B-404C-8043-234B03824DD8}.Release|x64.ActiveCfg = Release|x64
		{6468BB97-C47B-404C-8043-234B03824DD8}.Release|x64.Build.0 = Release|x64
		{6468BB97-C47B-404C-8043-234B03824DD8}.Release|x86.ActiveCfg = Release|Win32
		{6468BB97-C47B-404C-8043-234B03824DD8}.Release|x86.Build.0 = Release|Win32
		{81B2B8D4-811F-4367-A1C6-D5EB9D27014E}.Debug|x64.ActiveCfg = Debug|x64
		{81B2B8D4-811F-4367-A1C6-D5EB9D27014E}.Debug|x64.Build.0 = Debug|x64
		{81B2B8D4-811F-4367-A1C6-D5EB9D27014E}.Debug|x86.ActiveCfg = Debug|Win32
		{81B2B8D4-811F-4367-A1C6-D5EB9D27014E}.Debug|x86.Build.0 = Debug|Win32
		{81B2B8D4-811F-4367-A1C6-D5EB9D27014E}.Release|x64.ActiveCfg = Release|x64
		{81B2B8D4-811F-4367-A1C6-D5EB9D27014E}.Release|x64.Build.0 = Release|x64
		{81B2B8D4-811F-4367-A1C6-D5EB9D27014E}.Release|x86.ActiveCfg = Release|Win32
		{81B2B8D4-811F-4367-A1C6-D5EB9D27014E}.Release|x86.Build.0 = Release|Win32
		{BAE7D6D8-DC2A-4FE6-96B7-E7D006BAC885}.Debug|x64.ActiveCfg = Debug|x64
		{BAE7D6D8-DC2A-4FE6-96B7-E7D006BAC885}.Debug|x64.Build.0 = Debug|x64
		{BAE7D6D8-DC2A-4FE6-96B7-E7D006BAC885}.Debug|x86.ActiveCfg = Debug|Win32
		{BAE7D6D8-DC2A-4FE6-96B7-E7D006BAC885}.Debug|x86.Build.0 = Debug|Win32
		{BAE7D6D8-DC2A-4FE6-96B7-E7D006BAC885}.Release|x64.ActiveCfg = Release|x64
		{BAE7D6D8-DC2A-4FE6-96B7-E7D006BAC885}.Release|x64.Build.0 = Release|x64
		{BAE7D6D8-DC2A-4FE6-96B7-E7D006BAC885}.Release|x86.ActiveCfg = Release|Win32
		{BAE7D6D8-DC2A-4FE6-96B7-E7D006BAC885}.Release|x86.Build.0 = Release|Win32
		{7ED561AA-DEC8-4208-BF66-DB0BAE87AC0D}.Debug|x64.ActiveCfg = Debug|x64
		{7ED561AA-DEC8-4208-BF66-DB0BAE87AC0D}.Debug|x64.Build.0 = Debug|x64
		{7ED561AA-DEC8-4208-BF66-DB0BAE87AC0D}.Debug|x86.ActiveCfg = Debug|Win32
		{7ED561AA-DEC8-4208-BF66-DB0BAE87AC0D}.Debug|x86.Build.0 = Debug|Win32
		{7ED561AA-DEC8-4208-BF66-DB0BAE87AC0D}.Release|x64.ActiveCfg = Release|x64
		{7ED561AA-DEC8-4208-BF66-DB0BAE87AC0D}.Release|x64.Build.0 = Release|x64
		{7ED561AA-DEC8-4208-BF66-DB0BAE87AC0D}.Release|x86.ActiveCfg = Release|Win32
		{7ED561AA-DEC8-4208-BF66-DB0BAE87AC0D}.Release|x86.Build.0 = Release|Win32
		{695AA402-F03C-4BDC-906A-2FBA067727C3}.Debug|x64.ActiveCfg = Debug|x64
		{695AA402-F03C-4BDC-906A-2FBA067727C3}.Debug|x64.Build.0 = Debug|x64
		{695AA402-F03C-4BDC-906A-2FBA067727C3}.Debug|x86.ActiveCfg = Debug|Win32
		{695AA402-F03C-4BDC-906A-2FBA067727C3}.Debug|x86.Build.0 = Debug|Win32
		{695AA402-F03C-4BDC-906A-2FBA067727C3}.Release|x64.ActiveCfg = Release|x64
		{695AA402-F03C-4BDC-906A-2FBA067727C3}.Release|x64.Build.0 = Release|x64
		{695AA402-F03C-4BDC-906A-2FBA067727C3}.Release|x86.ActiveCfg = Release|Win32
		{695AA402-F03C-4BDC-906A-2FBA067727C3}.Release|x86.Build.0 = Release|Win32
		{27EFA2E0-FA62-4251-9C34-86D5F1752F7A}.Debug|x64.ActiveCfg = Debug|x64
		{27EFA2E0-FA62-4251-9C34-86D5F1752F7A}.Debug|x64.Build.0 = Debug|x64
		{27EFA2E0-FA62-4251-9C34-86D5F1752F7A}.Debug|x86.ActiveCfg = Debug|Win32
		{27EFA2E0-FA62-4251-9C34-86D5F1752F7A}.Debug|x86.Build.0 = Debug|Win32
		{27EFA2E0-FA62-4251-9C34-86D5F1752F7A}.Release|x64.ActiveCfg = Release|x64
		{27EFA2E0-FA62-4251-9C34-86D5F1752F7A}.Release|x64.Build.0 = Release|x64
		{27EFA2E0-FA62-4251-9C34-86D5F1752F7A}.Release|x86.ActiveCfg = Release|Win32
		{27EFA2E0-FA62-4251-9C34-86D5F1752F7A}.Release|x86.Build.0 = Release|Win32
		{AA1F985C-6067-421E-92AB-050AEED1D3AC}.Debug|x64.ActiveCfg = Debug|x64
		{AA1F985C-6067-421E-92AB-050AEED1D3AC}.Debug|x64.Build.0 = Debug|x64
		{AA1F985C-6067-421E-92AB-050AEED1D3AC}.Debug|x86.ActiveCfg = Debug|Win32
		{AA1F985C-6067-421E-92AB-050AEED1D3AC}.Debug|x86.Build.0 = Debug|Win32
		{AA1F985C-6067-421E-92AB-050AEED1D3AC}.Release|x64.ActiveCfg = Release|x64
		{AA1F985C-6067-421E-92AB-050AEED1D3AC}.Release|x64.Build.0 = Release|x64
		{AA1F985C-6067-421E-92AB-050AEED1D3AC}.Release|x86.ActiveCfg = Release|Win32
		{AA1F985C-6067-421E-92AB-050AEED1D3AC}.Release|x86.Build.0 = Release|Win32
		{93083096-4481-46D6-8E49-5B82AB267E2F}.Debug|x64.ActiveCfg = Debug|x64
		{93083096-4481-46D6-8E49-5B82AB267E2F}.Debug|x64.Build.0 = Debug|x64
		{93083096-4481-46D6-8E49-5B82AB267E2F}.Debug|x86.ActiveCfg = Debug|Win32
		{93083096-4481-46D6-8E49-5B82AB267E2F}.Debug|x86.Build.0 = Debug|Win32
		{93083096-4481-46D6-8E49-5B82AB267E2F}.Release|x64.ActiveCfg = Release|x64
		{93083096-4481-46D6-8E49-5B82AB267E2F}.Release|x64.Build.0 = Release|x64
		{93083096-4481-46D6-8E49-5B82AB267E2F}.Release|x86.ActiveCfg = Release|Win32
		{93083096-4481-46D6-8E49-5B82AB267E2F}.Release|x86.Build.0 = Release|Win32
	EndGlobalSection
	GlobalSection(SolutionProperties) = preSolution
		HideSolutionNode = FALSE
	EndGlobalSection
	GlobalSection(ExtensibilityGlobals) = postSolution
		SolutionGuid = {43F6FD64-47B6-485B-A37E-B330F9468B48}
	EndGlobalSection
EndGlobal
